
Microsoft Visual Studio Solution File, Format Version 12.00
# Visual Studio Version 16
VisualStudioVersion = 16.0.29123.89
MinimumVisualStudioVersion = 10.0.40219.1
Project("{FAE04EC0-301F-11D3-BF4B-00C04F79EFBC}") = "MyLeasing.Web", "MyLeasing.Web\MyLeasing.Web.csproj", "{49230BAE-CAD7-4E68-B44E-72F2960F7702}"
EndProject
Project("{FAE04EC0-301F-11D3-BF4B-00C04F79EFBC}") = "MyLeasing.Common", "MyLeasing.Common\MyLeasing.Common.csproj", "{C4DEE0F0-50BA-49CD-AD2D-3D95799884C5}"
EndProject
Global
	GlobalSection(SolutionConfigurationPlatforms) = preSolution
		Debug|Any CPU = Debug|Any CPU
		Release|Any CPU = Release|Any CPU
	EndGlobalSection
	GlobalSection(ProjectConfigurationPlatforms) = postSolution
		{49230BAE-CAD7-4E68-B44E-72F2960F7702}.Debug|Any CPU.ActiveCfg = Debug|Any CPU
		{49230BAE-CAD7-4E68-B44E-72F2960F7702}.Debug|Any CPU.Build.0 = Debug|Any CPU
		{49230BAE-CAD7-4E68-B44E-72F2960F7702}.Release|Any CPU.ActiveCfg = Release|Any CPU
		{49230BAE-CAD7-4E68-B44E-72F2960F7702}.Release|Any CPU.Build.0 = Release|Any CPU
		{C4DEE0F0-50BA-49CD-AD2D-3D95799884C5}.Debug|Any CPU.ActiveCfg = Debug|Any CPU
		{C4DEE0F0-50BA-49CD-AD2D-3D95799884C5}.Debug|Any CPU.Build.0 = Debug|Any CPU
		{C4DEE0F0-50BA-49CD-AD2D-3D95799884C5}.Release|Any CPU.ActiveCfg = Release|Any CPU
		{C4DEE0F0-50BA-49CD-AD2D-3D95799884C5}.Release|Any CPU.Build.0 = Release|Any CPU
	EndGlobalSection
	GlobalSection(SolutionProperties) = preSolution
		HideSolutionNode = FALSE
	EndGlobalSection
	GlobalSection(ExtensibilityGlobals) = postSolution
		SolutionGuid = {B5DB0665-C50D-4C1A-828C-994B6754713D}
	EndGlobalSection
EndGlobal
